
Microsoft Visual Studio Solution File, Format Version 12.00
# Visual Studio Version 17
VisualStudioVersion = 17.13.35931.197
MinimumVisualStudioVersion = 10.0.40219.1
Project("{FAE04EC0-301F-11D3-BF4B-00C04F79EFBC}") = "ECommerceAPI", "ECommerceAPI\ECommerceAPI.csproj", "{589BC379-4328-4D4A-982B-6D0ABE1266B6}"
EndProject
Project("{FAE04EC0-301F-11D3-BF4B-00C04F79EFBC}") = "ECommerceAI", "ECommerceAI\ECommerceAI.csproj", "{D3E3F38D-F75D-4226-A588-94C6F0A9A79E}"
EndProject
Global
	GlobalSection(SolutionConfigurationPlatforms) = preSolution
		Debug|Any CPU = Debug|Any CPU
		Debug|x64 = Debug|x64
		Debug|x86 = Debug|x86
		Release|Any CPU = Release|Any CPU
		Release|x64 = Release|x64
		Release|x86 = Release|x86
	EndGlobalSection
	GlobalSection(ProjectConfigurationPlatforms) = postSolution
		{589BC379-4328-4D4A-982B-6D0ABE1266B6}.Debug|Any CPU.ActiveCfg = Debug|Any CPU
		{589BC379-4328-4D4A-982B-6D0ABE1266B6}.Debug|Any CPU.Build.0 = Debug|Any CPU
		{589BC379-4328-4D4A-982B-6D0ABE1266B6}.Debug|x64.ActiveCfg = Debug|Any CPU
		{589BC379-4328-4D4A-982B-6D0ABE1266B6}.Debug|x64.Build.0 = Debug|Any CPU
		{589BC379-4328-4D4A-982B-6D0ABE1266B6}.Debug|x86.ActiveCfg = Debug|Any CPU
		{589BC379-4328-4D4A-982B-6D0ABE1266B6}.Debug|x86.Build.0 = Debug|Any CPU
		{589BC379-4328-4D4A-982B-6D0ABE1266B6}.Release|Any CPU.ActiveCfg = Release|Any CPU
		{589BC379-4328-4D4A-982B-6D0ABE1266B6}.Release|Any CPU.Build.0 = Release|Any CPU
		{589BC379-4328-4D4A-982B-6D0ABE1266B6}.Release|x64.ActiveCfg = Release|Any CPU
		{589BC379-4328-4D4A-982B-6D0ABE1266B6}.Release|x64.Build.0 = Release|Any CPU
		{589BC379-4328-4D4A-982B-6D0ABE1266B6}.Release|x86.ActiveCfg = Release|Any CPU
		{589BC379-4328-4D4A-982B-6D0ABE1266B6}.Release|x86.Build.0 = Release|Any CPU
		{D3E3F38D-F75D-4226-A588-94C6F0A9A79E}.Debug|Any CPU.ActiveCfg = Debug|Any CPU
		{D3E3F38D-F75D-4226-A588-94C6F0A9A79E}.Debug|Any CPU.Build.0 = Debug|Any CPU
		{D3E3F38D-F75D-4226-A588-94C6F0A9A79E}.Debug|x64.ActiveCfg = Debug|Any CPU
		{D3E3F38D-F75D-4226-A588-94C6F0A9A79E}.Debug|x64.Build.0 = Debug|Any CPU
		{D3E3F38D-F75D-4226-A588-94C6F0A9A79E}.Debug|x86.ActiveCfg = Debug|Any CPU
		{D3E3F38D-F75D-4226-A588-94C6F0A9A79E}.Debug|x86.Build.0 = Debug|Any CPU
		{D3E3F38D-F75D-4226-A588-94C6F0A9A79E}.Release|Any CPU.ActiveCfg = Release|Any CPU
		{D3E3F38D-F75D-4226-A588-94C6F0A9A79E}.Release|Any CPU.Build.0 = Release|Any CPU
		{D3E3F38D-F75D-4226-A588-94C6F0A9A79E}.Release|x64.ActiveCfg = Release|Any CPU
		{D3E3F38D-F75D-4226-A588-94C6F0A9A79E}.Release|x64.Build.0 = Release|Any CPU
		{D3E3F38D-F75D-4226-A588-94C6F0A9A79E}.Release|x86.ActiveCfg = Release|Any CPU
		{D3E3F38D-F75D-4226-A588-94C6F0A9A79E}.Release|x86.Build.0 = Release|Any CPU
	EndGlobalSection
	GlobalSection(SolutionProperties) = preSolution
		HideSolutionNode = FALSE
	EndGlobalSection
	GlobalSection(ExtensibilityGlobals) = postSolution
		SolutionGuid = {DB804849-BF55-4A6F-BD2F-4693E62FF166}
	EndGlobalSection
EndGlobal
